// !$*UTF8*$!
{
	archiveVersion = 1;
	classes = {
	};
	objectVersion = 50;
	objects = {

/* Begin PBXBuildFile section */
		61E9032421E92A36006D4BB1 /* Item.swift in Sources */ = {isa = PBXBuildFile; fileRef = 61E9032321E92A36006D4BB1 /* Item.swift */; };
		61E9032721E92C37006D4BB1 /* ItemModel.swift in Sources */ = {isa = PBXBuildFile; fileRef = 61E9032621E92C37006D4BB1 /* ItemModel.swift */; };
		61F2473C21E9225900B535DF /* AppDelegate.swift in Sources */ = {isa = PBXBuildFile; fileRef = 61F2473B21E9225900B535DF /* AppDelegate.swift */; };
		61F2474121E9225900B535DF /* Main.storyboard in Resources */ = {isa = PBXBuildFile; fileRef = 61F2473F21E9225900B535DF /* Main.storyboard */; };
		61F2474321E9225A00B535DF /* Assets.xcassets in Resources */ = {isa = PBXBuildFile; fileRef = 61F2474221E9225A00B535DF /* Assets.xcassets */; };
		61F2474621E9225A00B535DF /* LaunchScreen.storyboard in Resources */ = {isa = PBXBuildFile; fileRef = 61F2474421E9225A00B535DF /* LaunchScreen.storyboard */; };
		61F2474E21E9245B00B535DF /* DataPersistanceManager.swift in Sources */ = {isa = PBXBuildFile; fileRef = 61F2474D21E9245B00B535DF /* DataPersistanceManager.swift */; };
		61F2475521E927CE00B535DF /* AddItemVC.swift in Sources */ = {isa = PBXBuildFile; fileRef = 61F2475421E927CE00B535DF /* AddItemVC.swift */; };
		61F2475721E927DC00B535DF /* ItemDetailVC.swift in Sources */ = {isa = PBXBuildFile; fileRef = 61F2475621E927DC00B535DF /* ItemDetailVC.swift */; };
		61F2475921E927F700B535DF /* ItemListVC.swift in Sources */ = {isa = PBXBuildFile; fileRef = 61F2475821E927F700B535DF /* ItemListVC.swift */; };
/* End PBXBuildFile section */

/* Begin PBXFileReference section */
		61E9032321E92A36006D4BB1 /* Item.swift */ = {isa = PBXFileReference; lastKnownFileType = sourcecode.swift; path = Item.swift; sourceTree = "<group>"; };
		61E9032621E92C37006D4BB1 /* ItemModel.swift */ = {isa = PBXFileReference; lastKnownFileType = sourcecode.swift; path = ItemModel.swift; sourceTree = "<group>"; };
		61F2473821E9225900B535DF /* ToDoList.app */ = {isa = PBXFileReference; explicitFileType = wrapper.application; includeInIndex = 0; path = ToDoList.app; sourceTree = BUILT_PRODUCTS_DIR; };
		61F2473B21E9225900B535DF /* AppDelegate.swift */ = {isa = PBXFileReference; lastKnownFileType = sourcecode.swift; path = AppDelegate.swift; sourceTree = "<group>"; };
		61F2474021E9225900B535DF /* Base */ = {isa = PBXFileReference; lastKnownFileType = file.storyboard; name = Base; path = Base.lproj/Main.storyboard; sourceTree = "<group>"; };
		61F2474221E9225A00B535DF /* Assets.xcassets */ = {isa = PBXFileReference; lastKnownFileType = folder.assetcatalog; path = Assets.xcassets; sourceTree = "<group>"; };
		61F2474521E9225A00B535DF /* Base */ = {isa = PBXFileReference; lastKnownFileType = file.storyboard; name = Base; path = Base.lproj/LaunchScreen.storyboard; sourceTree = "<group>"; };
		61F2474721E9225A00B535DF /* Info.plist */ = {isa = PBXFileReference; lastKnownFileType = text.plist.xml; path = Info.plist; sourceTree = "<group>"; };
		61F2474D21E9245B00B535DF /* DataPersistanceManager.swift */ = {isa = PBXFileReference; lastKnownFileType = sourcecode.swift; path = DataPersistanceManager.swift; sourceTree = "<group>"; };
		61F2475421E927CE00B535DF /* AddItemVC.swift */ = {isa = PBXFileReference; lastKnownFileType = sourcecode.swift; path = AddItemVC.swift; sourceTree = "<group>"; };
		61F2475621E927DC00B535DF /* ItemDetailVC.swift */ = {isa = PBXFileReference; lastKnownFileType = sourcecode.swift; path = ItemDetailVC.swift; sourceTree = "<group>"; };
		61F2475821E927F700B535DF /* ItemListVC.swift */ = {isa = PBXFileReference; lastKnownFileType = sourcecode.swift; path = ItemListVC.swift; sourceTree = "<group>"; };
/* End PBXFileReference section */

/* Begin PBXFrameworksBuildPhase section */
		61F2473521E9225900B535DF /* Frameworks */ = {
			isa = PBXFrameworksBuildPhase;
			buildActionMask = 2147483647;
			files = (
			);
			runOnlyForDeploymentPostprocessing = 0;
		};
/* End PBXFrameworksBuildPhase section */

/* Begin PBXGroup section */
		61E9032521E92A6D006D4BB1 /* Models */ = {
			isa = PBXGroup;
			children = (
				61E9032321E92A36006D4BB1 /* Item.swift */,
				61E9032621E92C37006D4BB1 /* ItemModel.swift */,
			);
			path = Models;
			sourceTree = "<group>";
		};
		61F2472F21E9225800B535DF = {
			isa = PBXGroup;
			children = (
				61F2473A21E9225900B535DF /* ToDoList */,
				61F2473921E9225900B535DF /* Products */,
			);
			sourceTree = "<group>";
		};
		61F2473921E9225900B535DF /* Products */ = {
			isa = PBXGroup;
			children = (
				61F2473821E9225900B535DF /* ToDoList.app */,
			);
			name = Products;
			sourceTree = "<group>";
		};
		61F2473A21E9225900B535DF /* ToDoList */ = {
			isa = PBXGroup;
			children = (
				61F2475021E9252700B535DF /* DataPersistanceManager */,
				61F2473F21E9225900B535DF /* Main.storyboard */,
				61E9032521E92A6D006D4BB1 /* Models */,
				61F2475321E925B400B535DF /* Controllers */,
				61F2474F21E9251400B535DF /* SupportingFiles */,
				61F2474721E9225A00B535DF /* Info.plist */,
			);
			path = ToDoList;
			sourceTree = "<group>";
		};
		61F2474F21E9251400B535DF /* SupportingFiles */ = {
			isa = PBXGroup;
			children = (
				61F2473B21E9225900B535DF /* AppDelegate.swift */,
				61F2474221E9225A00B535DF /* Assets.xcassets */,
				61F2474421E9225A00B535DF /* LaunchScreen.storyboard */,
			);
			path = SupportingFiles;
			sourceTree = "<group>";
		};
		61F2475021E9252700B535DF /* DataPersistanceManager */ = {
			isa = PBXGroup;
			children = (
				61F2474D21E9245B00B535DF /* DataPersistanceManager.swift */,
			);
			path = DataPersistanceManager;
			sourceTree = "<group>";
		};
		61F2475321E925B400B535DF /* Controllers */ = {
			isa = PBXGroup;
			children = (
				61F2475821E927F700B535DF /* ItemListVC.swift */,
				61F2475421E927CE00B535DF /* AddItemVC.swift */,
				61F2475621E927DC00B535DF /* ItemDetailVC.swift */,
			);
			path = Controllers;
			sourceTree = "<group>";
		};
/* End PBXGroup section */

/* Begin PBXNativeTarget section */
		61F2473721E9225900B535DF /* ToDoList */ = {
			isa = PBXNativeTarget;
			buildConfigurationList = 61F2474A21E9225A00B535DF /* Build configuration list for PBXNativeTarget "ToDoList" */;
			buildPhases = (
				61F2473421E9225900B535DF /* Sources */,
				61F2473521E9225900B535DF /* Frameworks */,
				61F2473621E9225900B535DF /* Resources */,
			);
			buildRules = (
			);
			dependencies = (
			);
			name = ToDoList;
			productName = ToDoList;
			productReference = 61F2473821E9225900B535DF /* ToDoList.app */;
			productType = "com.apple.product-type.application";
		};
/* End PBXNativeTarget section */

/* Begin PBXProject section */
		61F2473021E9225800B535DF /* Project object */ = {
			isa = PBXProject;
			attributes = {
				LastSwiftUpdateCheck = 1000;
				LastUpgradeCheck = 1000;
				ORGANIZATIONNAME = "Joshua Viera";
				TargetAttributes = {
					61F2473721E9225900B535DF = {
						CreatedOnToolsVersion = 10.0;
					};
				};
			};
			buildConfigurationList = 61F2473321E9225800B535DF /* Build configuration list for PBXProject "ToDoList" */;
			compatibilityVersion = "Xcode 9.3";
			developmentRegion = en;
			hasScannedForEncodings = 0;
			knownRegions = (
				en,
				Base,
			);
			mainGroup = 61F2472F21E9225800B535DF;
			productRefGroup = 61F2473921E9225900B535DF /* Products */;
			projectDirPath = "";
			projectRoot = "";
			targets = (
				61F2473721E9225900B535DF /* ToDoList */,
			);
		};
/* End PBXProject section */

/* Begin PBXResourcesBuildPhase section */
		61F2473621E9225900B535DF /* Resources */ = {
			isa = PBXResourcesBuildPhase;
			buildActionMask = 2147483647;
			files = (
				61F2474621E9225A00B535DF /* LaunchScreen.storyboard in Resources */,
				61F2474321E9225A00B535DF /* Assets.xcassets in Resources */,
				61F2474121E9225900B535DF /* Main.storyboard in Resources */,
			);
			runOnlyForDeploymentPostprocessing = 0;
		};
/* End PBXResourcesBuildPhase section */

/* Begin PBXSourcesBuildPhase section */
		61F2473421E9225900B535DF /* Sources */ = {
			isa = PBXSourcesBuildPhase;
			buildActionMask = 2147483647;
			files = (
				61F2475921E927F700B535DF /* ItemListVC.swift in Sources */,
				61F2473C21E9225900B535DF /* AppDelegate.swift in Sources */,
				61F2474E21E9245B00B535DF /* DataPersistanceManager.swift in Sources */,
				61F2475721E927DC00B535DF /* ItemDetailVC.swift in Sources */,
				61E9032421E92A36006D4BB1 /* Item.swift in Sources */,
				61E9032721E92C37006D4BB1 /* ItemModel.swift in Sources */,
				61F2475521E927CE00B535DF /* AddItemVC.swift in Sources */,
			);
			runOnlyForDeploymentPostprocessing = 0;
		};
/* End PBXSourcesBuildPhase section */

/* Begin PBXVariantGroup section */
		61F2473F21E9225900B535DF /* Main.storyboard */ = {
			isa = PBXVariantGroup;
			children = (
				61F2474021E9225900B535DF /* Base */,
			);
			name = Main.storyboard;
			sourceTree = "<group>";
		};
		61F2474421E9225A00B535DF /* LaunchScreen.storyboard */ = {
			isa = PBXVariantGroup;
			children = (
				61F2474521E9225A00B535DF /* Base */,
			);
			name = LaunchScreen.storyboard;
			sourceTree = "<group>";
		};
/* End PBXVariantGroup section */

/* Begin XCBuildConfiguration section */
		61F2474821E9225A00B535DF /* Debug */ = {
			isa = XCBuildConfiguration;
			buildSettings = {
				ALWAYS_SEARCH_USER_PATHS = NO;
				CLANG_ANALYZER_NONNULL = YES;
				CLANG_ANALYZER_NUMBER_OBJECT_CONVERSION = YES_AGGRESSIVE;
				CLANG_CXX_LANGUAGE_STANDARD = "gnu++14";
				CLANG_CXX_LIBRARY = "libc++";
				CLANG_ENABLE_MODULES = YES;
				CLANG_ENABLE_OBJC_ARC = YES;
				CLANG_ENABLE_OBJC_WEAK = YES;
				CLANG_WARN_BLOCK_CAPTURE_AUTORELEASING = YES;
				CLANG_WARN_BOOL_CONVERSION = YES;
				CLANG_WARN_COMMA = YES;
				CLANG_WARN_CONSTANT_CONVERSION = YES;
				CLANG_WARN_DEPRECATED_OBJC_IMPLEMENTATIONS = YES;
				CLANG_WARN_DIRECT_OBJC_ISA_USAGE = YES_ERROR;
				CLANG_WARN_DOCUMENTATION_COMMENTS = YES;
				CLANG_WARN_EMPTY_BODY = YES;
				CLANG_WARN_ENUM_CONVERSION = YES;
				CLANG_WARN_INFINITE_RECURSION = YES;
				CLANG_WARN_INT_CONVERSION = YES;
				CLANG_WARN_NON_LITERAL_NULL_CONVERSION = YES;
				CLANG_WARN_OBJC_IMPLICIT_RETAIN_SELF = YES;
				CLANG_WARN_OBJC_LITERAL_CONVERSION = YES;
				CLANG_WARN_OBJC_ROOT_CLASS = YES_ERROR;
				CLANG_WARN_RANGE_LOOP_ANALYSIS = YES;
				CLANG_WARN_STRICT_PROTOTYPES = YES;
				CLANG_WARN_SUSPICIOUS_MOVE = YES;
				CLANG_WARN_UNGUARDED_AVAILABILITY = YES_AGGRESSIVE;
				CLANG_WARN_UNREACHABLE_CODE = YES;
				CLANG_WARN__DUPLICATE_METHOD_MATCH = YES;
				CODE_SIGN_IDENTITY = "iPhone Developer";
				COPY_PHASE_STRIP = NO;
				DEBUG_INFORMATION_FORMAT = dwarf;
				ENABLE_STRICT_OBJC_MSGSEND = YES;
				ENABLE_TESTABILITY = YES;
				GCC_C_LANGUAGE_STANDARD = gnu11;
				GCC_DYNAMIC_NO_PIC = NO;
				GCC_NO_COMMON_BLOCKS = YES;
				GCC_OPTIMIZATION_LEVEL = 0;
				GCC_PREPROCESSOR_DEFINITIONS = (
					"DEBUG=1",
					"$(inherited)",
				);
				GCC_WARN_64_TO_32_BIT_CONVERSION = YES;
				GCC_WARN_ABOUT_RETURN_TYPE = YES_ERROR;
				GCC_WARN_UNDECLARED_SELECTOR = YES;
				GCC_WARN_UNINITIALIZED_AUTOS = YES_AGGRESSIVE;
				GCC_WARN_UNUSED_FUNCTION = YES;
				GCC_WARN_UNUSED_VARIABLE = YES;
				IPHONEOS_DEPLOYMENT_TARGET = 12.0;
				MTL_ENABLE_DEBUG_INFO = INCLUDE_SOURCE;
				MTL_FAST_MATH = YES;
				ONLY_ACTIVE_ARCH = YES;
				SDKROOT = iphoneos;
				SWIFT_ACTIVE_COMPILATION_CONDITIONS = DEBUG;
				SWIFT_OPTIMIZATION_LEVEL = "-Onone";
			};
			name = Debug;
		};
		61F2474921E9225A00B535DF /* Release */ = {
			isa = XCBuildConfiguration;
			buildSettings = {
				ALWAYS_SEARCH_USER_PATHS = NO;
				CLANG_ANALYZER_NONNULL = YES;
				CLANG_ANALYZER_NUMBER_OBJECT_CONVERSION = YES_AGGRESSIVE;
				CLANG_CXX_LANGUAGE_STANDARD = "gnu++14";
				CLANG_CXX_LIBRARY = "libc++";
				CLANG_ENABLE_MODULES = YES;
				CLANG_ENABLE_OBJC_ARC = YES;
				CLANG_ENABLE_OBJC_WEAK = YES;
				CLANG_WARN_BLOCK_CAPTURE_AUTORELEASING = YES;
				CLANG_WARN_BOOL_CONVERSION = YES;
				CLANG_WARN_COMMA = YES;
				CLANG_WARN_CONSTANT_CONVERSION = YES;
				CLANG_WARN_DEPRECATED_OBJC_IMPLEMENTATIONS = YES;
				CLANG_WARN_DIRECT_OBJC_ISA_USAGE = YES_ERROR;
				CLANG_WARN_DOCUMENTATION_COMMENTS = YES;
				CLANG_WARN_EMPTY_BODY = YES;
				CLANG_WARN_ENUM_CONVERSION = YES;
				CLANG_WARN_INFINITE_RECURSION = YES;
				CLANG_WARN_INT_CONVERSION = YES;
				CLANG_WARN_NON_LITERAL_NULL_CONVERSION = YES;
				CLANG_WARN_OBJC_IMPLICIT_RETAIN_SELF = YES;
				CLANG_WARN_OBJC_LITERAL_CONVERSION = YES;
				CLANG_WARN_OBJC_ROOT_CLASS = YES_ERROR;
				CLANG_WARN_RANGE_LOOP_ANALYSIS = YES;
				CLANG_WARN_STRICT_PROTOTYPES = YES;
				CLANG_WARN_SUSPICIOUS_MOVE = YES;
				CLANG_WARN_UNGUARDED_AVAILABILITY = YES_AGGRESSIVE;
				CLANG_WARN_UNREACHABLE_CODE = YES;
				CLANG_WARN__DUPLICATE_METHOD_MATCH = YES;
				CODE_SIGN_IDENTITY = "iPhone Developer";
				COPY_PHASE_STRIP = NO;
				DEBUG_INFORMATION_FORMAT = "dwarf-with-dsym";
				ENABLE_NS_ASSERTIONS = NO;
				ENABLE_STRICT_OBJC_MSGSEND = YES;
				GCC_C_LANGUAGE_STANDARD = gnu11;
				GCC_NO_COMMON_BLOCKS = YES;
				GCC_WARN_64_TO_32_BIT_CONVERSION = YES;
				GCC_WARN_ABOUT_RETURN_TYPE = YES_ERROR;
				GCC_WARN_UNDECLARED_SELECTOR = YES;
				GCC_WARN_UNINITIALIZED_AUTOS = YES_AGGRESSIVE;
				GCC_WARN_UNUSED_FUNCTION = YES;
				GCC_WARN_UNUSED_VARIABLE = YES;
				IPHONEOS_DEPLOYMENT_TARGET = 12.0;
				MTL_ENABLE_DEBUG_INFO = NO;
				MTL_FAST_MATH = YES;
				SDKROOT = iphoneos;
				SWIFT_COMPILATION_MODE = wholemodule;
				SWIFT_OPTIMIZATION_LEVEL = "-O";
				VALIDATE_PRODUCT = YES;
			};
			name = Release;
		};
		61F2474B21E9225A00B535DF /* Debug */ = {
			isa = XCBuildConfiguration;
			buildSettings = {
				ASSETCATALOG_COMPILER_APPICON_NAME = AppIcon;
				CODE_SIGN_STYLE = Automatic;
				DEVELOPMENT_TEAM = VRSJN42Y8R;
				INFOPLIST_FILE = ToDoList/Info.plist;
				LD_RUNPATH_SEARCH_PATHS = (
					"$(inherited)",
					"@executable_path/Frameworks",
				);
				PRODUCT_BUNDLE_IDENTIFIER = org.pursuit.ToDoList;
				PRODUCT_NAME = "$(TARGET_NAME)";
				SWIFT_VERSION = 4.2;
				TARGETED_DEVICE_FAMILY = "1,2";
			};
			name = Debug;
		};
		61F2474C21E9225A00B535DF /* Release */ = {
			isa = XCBuildConfiguration;
			buildSettings = {
				ASSETCATALOG_COMPILER_APPICON_NAME = AppIcon;
				CODE_SIGN_STYLE = Automatic;
				DEVELOPMENT_TEAM = VRSJN42Y8R;
				INFOPLIST_FILE = ToDoList/Info.plist;
				LD_RUNPATH_SEARCH_PATHS = (
					"$(inherited)",
					"@executable_path/Frameworks",
				);
				PRODUCT_BUNDLE_IDENTIFIER = org.pursuit.ToDoList;
				PRODUCT_NAME = "$(TARGET_NAME)";
				SWIFT_VERSION = 4.2;
				TARGETED_DEVICE_FAMILY = "1,2";
			};
			name = Release;
		};
/* End XCBuildConfiguration section */

/* Begin XCConfigurationList section */
		61F2473321E9225800B535DF /* Build configuration list for PBXProject "ToDoList" */ = {
			isa = XCConfigurationList;
			buildConfigurations = (
				61F2474821E9225A00B535DF /* Debug */,
				61F2474921E9225A00B535DF /* Release */,
			);
			defaultConfigurationIsVisible = 0;
			defaultConfigurationName = Release;
		};
		61F2474A21E9225A00B535DF /* Build configuration list for PBXNativeTarget "ToDoList" */ = {
			isa = XCConfigurationList;
			buildConfigurations = (
				61F2474B21E9225A00B535DF /* Debug */,
				61F2474C21E9225A00B535DF /* Release */,
			);
			defaultConfigurationIsVisible = 0;
			defaultConfigurationName = Release;
		};
/* End XCConfigurationList section */
	};
	rootObject = 61F2473021E9225800B535DF /* Project object */;
}
